
Microsoft Visual Studio Solution File, Format Version 12.00
# Visual Studio Version 17
VisualStudioVersion = 17.1.32407.343
MinimumVisualStudioVersion = 10.0.40219.1
Project("{FAE04EC0-301F-11D3-BF4B-00C04F79EFBC}") = "Practice_Demo_Mock", "Practice_Demo_Mock.csproj", "{945E60BF-868B-4AEA-8BB6-1963E39B1B1B}"
EndProject
Global
	GlobalSection(SolutionConfigurationPlatforms) = preSolution
		Debug|Any CPU = Debug|Any CPU
		Release|Any CPU = Release|Any CPU
	EndGlobalSection
	GlobalSection(ProjectConfigurationPlatforms) = postSolution
		{945E60BF-868B-4AEA-8BB6-1963E39B1B1B}.Debug|Any CPU.ActiveCfg = Debug|Any CPU
		{945E60BF-868B-4AEA-8BB6-1963E39B1B1B}.Debug|Any CPU.Build.0 = Debug|Any CPU
		{945E60BF-868B-4AEA-8BB6-1963E39B1B1B}.Release|Any CPU.ActiveCfg = Release|Any CPU
		{945E60BF-868B-4AEA-8BB6-1963E39B1B1B}.Release|Any CPU.Build.0 = Release|Any CPU
	EndGlobalSection
	GlobalSection(SolutionProperties) = preSolution
		HideSolutionNode = FALSE
	EndGlobalSection
	GlobalSection(ExtensibilityGlobals) = postSolution
		SolutionGuid = {84E2B621-1FD0-4243-A065-4B0F4AC5066E}
	EndGlobalSection
EndGlobal
